schema: '2.0'
stages:
  preprocess:
    cmd: python src/preprocess.py --config params.yaml
    deps:
    - path: data/raw/
      hash: md5
      md5: da9f257afa710af341ae78fcdc6270d4.dir
      size: 3118334483
      nfiles: 43055
    - path: params.yaml
      hash: md5
      md5: a151844cad39685fd23364896ae6664f
      size: 765
    - path: src/preprocess.py
      hash: md5
      md5: 2de459aab328a45217a782c5f416c82a
      size: 2763
    outs:
    - path: data/processed/
      hash: md5
      md5: 23aa316d4e019cfb3322895ffb4a361f.dir
      size: 2502506262
      nfiles: 34442
    - path: data/stats.json
      hash: md5
      md5: a51f4184c9168434f50983ba0d645a44
      size: 178
  augment:
    cmd: python src/augment.py --config params.yaml
    deps:
    - path: data/processed/train/
      hash: md5
      md5: d253c5bcc14f833b3f20c75101268522.dir
      size: 2010027305
      nfiles: 27552
    - path: params.yaml
      hash: md5
      md5: 1ac0930b822bc7b96baafc897ace586e
      size: 497
    - path: src/augment.py
      hash: md5
      md5: 417b4fa5f75ab6175611821b26675fc1
      size: 3230
    outs:
    - path: data/augmented/
      hash: md5
      md5: e5c70ec70d6366be3dc29f07042da048.dir
      size: 6730538872
      nfiles: 100612
  train:
    cmd: python src/train.py --config params.yaml
    deps:
    - path: data/processed/
      hash: md5
      md5: 23aa316d4e019cfb3322895ffb4a361f.dir
      size: 2502506262
      nfiles: 34442
    - path: params.yaml
      hash: md5
      md5: a151844cad39685fd23364896ae6664f
      size: 765
    - path: src/train.py
      hash: md5
      md5: 798ff9052ea7b68e993112cff89dc5cb
      size: 3730
    outs:
    - path: metrics/train_results.json
      hash: md5
      md5: 74a5ff65fb5a12d13f7e16cf3e8cbfa9
      size: 135
    - path: models/weights/
      hash: md5
      md5: 33187b7ac84ad558e19c0b00711136a0.dir
      size: 588622091
      nfiles: 35
  evaluate:
    cmd: python src/evaluate.py --config params.yaml --weights
      models/weights/train/weights/best.pt --check-threshold
    deps:
    - path: data/processed/test/
      hash: md5
      md5: 61606ae8a66681f40fd66ba837bd578c.dir
      size: 247153847
      nfiles: 3446
    - path: models/weights/
      hash: md5
      md5: 33187b7ac84ad558e19c0b00711136a0.dir
      size: 588622091
      nfiles: 35
    - path: params.yaml
      hash: md5
      md5: a151844cad39685fd23364896ae6664f
      size: 765
    - path: src/evaluate.py
      hash: md5
      md5: 1210c36a815bdfedda7b9487bc46d50e
      size: 1411
    outs:
    - path: metrics/eval_results.json
      hash: md5
      md5: ad4621ab3abb1a0f905d2a355c76234c
      size: 113
  train_smoke:
    cmd: python src/train.py --config params.yaml --smoke
    deps:
    - path: data/sample/
      hash: md5
      md5: d751713988987e9331980363e24189ce.dir
      size: 0
      nfiles: 0
    - path: params.yaml
      hash: md5
      md5: a151844cad39685fd23364896ae6664f
      size: 765
    - path: src/train.py
      hash: md5
      md5: 798ff9052ea7b68e993112cff89dc5cb
      size: 3730
    outs:
    - path: metrics/smoke_results.json
      hash: md5
      md5: ce7ff6022575d031b68321dc0837243b
      size: 70
    - path: models/smoke_weights/
      hash: md5
      md5: d2a9b4532489c8ad166eb8d1915d74a7.dir
      size: 49678852
      nfiles: 21
