schema: '2.0'
stages:
  preprocess:
    cmd: python src/preprocess.py --config params.yaml
    deps:
    - path: data/raw/
      hash: md5
      md5: da9f257afa710af341ae78fcdc6270d4.dir
      size: 3118334483
      nfiles: 43055
    - path: params.yaml
      hash: md5
      md5: e1ee50a103a20c0a71139c0c0a7e3665
      size: 595
    - path: src/preprocess.py
      hash: md5
      md5: 9587bb491fa3fbd42418df9df406f6c0
      size: 2764
    outs:
    - path: data/processed/
      hash: md5
      md5: 23aa316d4e019cfb3322895ffb4a361f.dir
      size: 2502506262
      nfiles: 34442
    - path: data/stats.json
      hash: md5
      md5: 1e06de75110906a19a657fb7cc3ed6f2
      size: 177
  augment:
    cmd: python src/augment.py --config params.yaml
    deps:
    - path: data/processed/train/
      hash: md5
      md5: d253c5bcc14f833b3f20c75101268522.dir
      size: 2010027305
      nfiles: 27552
    - path: params.yaml
      hash: md5
      md5: 1ac0930b822bc7b96baafc897ace586e
      size: 497
    - path: src/augment.py
      hash: md5
      md5: 417b4fa5f75ab6175611821b26675fc1
      size: 3230
    outs:
    - path: data/augmented/
      hash: md5
      md5: e5c70ec70d6366be3dc29f07042da048.dir
      size: 6730538872
      nfiles: 100612
  train:
    cmd: python src/train.py --config params.yaml
    deps:
    - path: data/processed/
      hash: md5
      md5: fb5d7c88312e088feb2dd528d1efbc2a.dir
      size: 2512451657
      nfiles: 34444
    - path: params.yaml
      hash: md5
      md5: e1ee50a103a20c0a71139c0c0a7e3665
      size: 595
    - path: src/train.py
      hash: md5
      md5: 98bc0be55dcb53bc4da24fcbbf69124d
      size: 5928
    outs:
    - path: metrics/train_results.json
      hash: md5
      md5: 753e47e140d380833d612b6b4d01b5bb
      size: 186
    - path: models/weights/
      hash: md5
      md5: 964d946ec05cb3a07b4ed4235a61467e.dir
      size: 386098028
      nfiles: 29
  evaluate:
    cmd: python src/evaluate.py --config params.yaml --weights
      models/weights/train/weights/best.pt --check-threshold
    deps:
    - path: data/processed/test/
      hash: md5
      md5: 61606ae8a66681f40fd66ba837bd578c.dir
      size: 247153847
      nfiles: 3446
    - path: models/weights/
      hash: md5
      md5: 683728b0844863bff56acde7facfaac8.dir
      size: 455445556
      nfiles: 36
    - path: params.yaml
      hash: md5
      md5: 6277c06acd2a352b0376e625b1bc908a
      size: 764
    - path: src/evaluate.py
      hash: md5
      md5: e127a4e0f42d4755e93b501cc3360a53
      size: 2173
    outs:
    - path: metrics/eval_results.json
      hash: md5
      md5: 442c04ab907a603035dc791cdcfc5fc4
      size: 93
  train_smoke:
    cmd: python src/train.py --config params.yaml --smoke
    deps:
    - path: data/sample/
      hash: md5
      md5: d751713988987e9331980363e24189ce.dir
      size: 0
      nfiles: 0
    - path: params.yaml
      hash: md5
      md5: 6277c06acd2a352b0376e625b1bc908a
      size: 764
    - path: src/train.py
      hash: md5
      md5: 2f47af562744a122fd8cedaa6407d91b
      size: 3731
    outs:
    - path: metrics/smoke_results.json
      hash: md5
      md5: ce7ff6022575d031b68321dc0837243b
      size: 70
    - path: models/smoke_weights/
      hash: md5
      md5: d2a9b4532489c8ad166eb8d1915d74a7.dir
      size: 49678852
      nfiles: 21
  infer:
    cmd: python src/batch_inference.py --config params.yaml --weights
      models/weights/train/weights/best.pt
    deps:
    - path: data/processed/test/
      hash: md5
      md5: 61606ae8a66681f40fd66ba837bd578c.dir
      size: 247153847
      nfiles: 3446
    - path: models/weights/
      hash: md5
      md5: 683728b0844863bff56acde7facfaac8.dir
      size: 455445556
      nfiles: 36
    - path: params.yaml
      hash: md5
      md5: 6277c06acd2a352b0376e625b1bc908a
      size: 764
    - path: src/batch_inference.py
      hash: md5
      md5: ecc86490009e78a907cd16b96e7ff00b
      size: 2371
    outs:
    - path: logs/inference_log.csv
      hash: md5
      md5: 7d8ca8cb45d4ea0e03092efd27179623
      size: 71053
  evaluate_smoke:
    cmd: python src/evaluate.py --config params.yaml --weights
      models/smoke_weights/train/weights/best.pt --smoke
    deps:
    - path: models/smoke_weights/
      hash: md5
      md5: d2a9b4532489c8ad166eb8d1915d74a7.dir
      size: 49678852
      nfiles: 21
    - path: params.yaml
      hash: md5
      md5: 6277c06acd2a352b0376e625b1bc908a
      size: 764
    - path: src/evaluate.py
      hash: md5
      md5: e127a4e0f42d4755e93b501cc3360a53
      size: 2173
    outs:
    - path: metrics/smoke_eval.json
      hash: md5
      md5: 2438376afce7f85722a616ba76b35295
      size: 92
  validate:
    cmd: python src/validate_data.py --config params.yaml
    deps:
    - path: data/raw/
      hash: md5
      md5: da9f257afa710af341ae78fcdc6270d4.dir
      size: 3118334483
      nfiles: 43055
    - path: params.yaml
      hash: md5
      md5: e1ee50a103a20c0a71139c0c0a7e3665
      size: 595
    - path: src/validate_data.py
      hash: md5
      md5: b3b29d04c8eb9c324afca0436142a2b8
      size: 3191
    outs:
    - path: data/validate_report.json
      hash: md5
      md5: 2c53ab87cbc864416d45c060db703b0c
      size: 716
